// !$*UTF8*$!
{
	archiveVersion = 1;
	classes = {
	};
	objectVersion = 46;
	objects = {

/* Begin PBXBuildFile section */
		3B6EA6511EC0C78000E5A85F /* ReadMe.Md in Sources */ = {isa = PBXBuildFile; fileRef = 3B6EA6501EC0C78000E5A85F /* ReadMe.Md */; };
		3BA536701DABE43C00BE015C /* main.cpp in Sources */ = {isa = PBXBuildFile; fileRef = 3BA5366F1DABE43C00BE015C /* main.cpp */; };
		3BA536791DABF16C00BE015C /* stdafx.cpp in Sources */ = {isa = PBXBuildFile; fileRef = 3BA536781DABF16C00BE015C /* stdafx.cpp */; };
		3BA5367C1DABF1AD00BE015C /* user_parameters.cpp in Sources */ = {isa = PBXBuildFile; fileRef = 3BA5367B1DABF1AD00BE015C /* user_parameters.cpp */; };
		3BA5367F1DABF25A00BE015C /* data_structs.cpp in Sources */ = {isa = PBXBuildFile; fileRef = 3BA5367E1DABF25A00BE015C /* data_structs.cpp */; };
/* End PBXBuildFile section */

/* Begin PBXCopyFilesBuildPhase section */
		3BA5366A1DABE43B00BE015C /* CopyFiles */ = {
			isa = PBXCopyFilesBuildPhase;
			buildActionMask = 2147483647;
			dstPath = /usr/share/man/man1/;
			dstSubfolderSpec = 0;
			files = (
			);
			runOnlyForDeploymentPostprocessing = 1;
		};
/* End PBXCopyFilesBuildPhase section */

/* Begin PBXFileReference section */
		3B6EA64F1EC0C4AD00E5A85F /* dirent.h */ = {isa = PBXFileReference; lastKnownFileType = sourcecode.c.h; path = dirent.h; sourceTree = "<group>"; };
		3B6EA6501EC0C78000E5A85F /* ReadMe.Md */ = {isa = PBXFileReference; fileEncoding = 4; lastKnownFileType = net.daringfireball.markdown; name = ReadMe.Md; path = "../../Documents/Colin/Work/Fike Lab/data extraction code/data_extraction_april_2017_backup/ReadMe.Md"; sourceTree = "<group>"; };
		3BA5366C1DABE43C00BE015C /* Data_Extraction */ = {isa = PBXFileReference; explicitFileType = "compiled.mach-o.executable"; includeInIndex = 0; path = Data_Extraction; sourceTree = BUILT_PRODUCTS_DIR; };
		3BA5366F1DABE43C00BE015C /* main.cpp */ = {isa = PBXFileReference; lastKnownFileType = sourcecode.cpp.cpp; path = main.cpp; sourceTree = "<group>"; };
		3BA536761DABF0C400BE015C /* stdafx.h */ = {isa = PBXFileReference; lastKnownFileType = sourcecode.c.h; path = stdafx.h; sourceTree = "<group>"; };
		3BA536771DABF11C00BE015C /* main.h */ = {isa = PBXFileReference; lastKnownFileType = sourcecode.c.h; path = main.h; sourceTree = "<group>"; };
		3BA536781DABF16C00BE015C /* stdafx.cpp */ = {isa = PBXFileReference; fileEncoding = 4; lastKnownFileType = sourcecode.cpp.cpp; path = stdafx.cpp; sourceTree = "<group>"; };
		3BA5367B1DABF1AD00BE015C /* user_parameters.cpp */ = {isa = PBXFileReference; fileEncoding = 4; lastKnownFileType = sourcecode.cpp.cpp; path = user_parameters.cpp; sourceTree = "<group>"; };
		3BA5367D1DABF24300BE015C /* data_structs.h */ = {isa = PBXFileReference; lastKnownFileType = sourcecode.c.h; path = data_structs.h; sourceTree = "<group>"; };
		3BA5367E1DABF25A00BE015C /* data_structs.cpp */ = {isa = PBXFileReference; fileEncoding = 4; lastKnownFileType = sourcecode.cpp.cpp; path = data_structs.cpp; sourceTree = "<group>"; };
/* End PBXFileReference section */

/* Begin PBXFrameworksBuildPhase section */
		3BA536691DABE43B00BE015C /* Frameworks */ = {
			isa = PBXFrameworksBuildPhase;
			buildActionMask = 2147483647;
			files = (
			);
			runOnlyForDeploymentPostprocessing = 0;
		};
/* End PBXFrameworksBuildPhase section */

/* Begin PBXGroup section */
		3BA536631DABE43B00BE015C = {
			isa = PBXGroup;
			children = (
				3B6EA6501EC0C78000E5A85F /* ReadMe.Md */,
				3BA5366E1DABE43C00BE015C /* Data_Extraction */,
				3BA5366D1DABE43C00BE015C /* Products */,
			);
			sourceTree = "<group>";
		};
		3BA5366D1DABE43C00BE015C /* Products */ = {
			isa = PBXGroup;
			children = (
				3BA5366C1DABE43C00BE015C /* Data_Extraction */,
			);
			name = Products;
			sourceTree = "<group>";
		};
		3BA5366E1DABE43C00BE015C /* Data_Extraction */ = {
			isa = PBXGroup;
			children = (
				3BA5366F1DABE43C00BE015C /* main.cpp */,
				3BA536761DABF0C400BE015C /* stdafx.h */,
				3BA536771DABF11C00BE015C /* main.h */,
				3BA536781DABF16C00BE015C /* stdafx.cpp */,
				3BA5367B1DABF1AD00BE015C /* user_parameters.cpp */,
				3BA5367D1DABF24300BE015C /* data_structs.h */,
				3BA5367E1DABF25A00BE015C /* data_structs.cpp */,
				3B6EA64F1EC0C4AD00E5A85F /* dirent.h */,
			);
			path = Data_Extraction;
			sourceTree = "<group>";
		};
/* End PBXGroup section */

/* Begin PBXNativeTarget section */
		3BA5366B1DABE43B00BE015C /* Data_Extraction */ = {
			isa = PBXNativeTarget;
			buildConfigurationList = 3BA536731DABE43C00BE015C /* Build configuration list for PBXNativeTarget "Data_Extraction" */;
			buildPhases = (
				3BA536681DABE43B00BE015C /* Sources */,
				3BA536691DABE43B00BE015C /* Frameworks */,
				3BA5366A1DABE43B00BE015C /* CopyFiles */,
			);
			buildRules = (
			);
			dependencies = (
			);
			name = Data_Extraction;
			productName = Data_Extraction;
			productReference = 3BA5366C1DABE43C00BE015C /* Data_Extraction */;
			productType = "com.apple.product-type.tool";
		};
/* End PBXNativeTarget section */

/* Begin PBXProject section */
		3BA536641DABE43B00BE015C /* Project object */ = {
			isa = PBXProject;
			attributes = {
				LastUpgradeCheck = 0800;
				ORGANIZATIONNAME = "Colin Keating";
				TargetAttributes = {
					3BA5366B1DABE43B00BE015C = {
						CreatedOnToolsVersion = 8.0;
						DevelopmentTeam = REX3P85243;
						ProvisioningStyle = Automatic;
					};
				};
			};
			buildConfigurationList = 3BA536671DABE43B00BE015C /* Build configuration list for PBXProject "Data_Extraction" */;
			compatibilityVersion = "Xcode 3.2";
			developmentRegion = English;
			hasScannedForEncodings = 0;
			knownRegions = (
				en,
			);
			mainGroup = 3BA536631DABE43B00BE015C;
			productRefGroup = 3BA5366D1DABE43C00BE015C /* Products */;
			projectDirPath = "";
			projectRoot = "";
			targets = (
				3BA5366B1DABE43B00BE015C /* Data_Extraction */,
			);
		};
/* End PBXProject section */

/* Begin PBXSourcesBuildPhase section */
		3BA536681DABE43B00BE015C /* Sources */ = {
			isa = PBXSourcesBuildPhase;
			buildActionMask = 2147483647;
			files = (
				3BA536701DABE43C00BE015C /* main.cpp in Sources */,
				3BA5367C1DABF1AD00BE015C /* user_parameters.cpp in Sources */,
				3B6EA6511EC0C78000E5A85F /* ReadMe.Md in Sources */,
				3BA5367F1DABF25A00BE015C /* data_structs.cpp in Sources */,
				3BA536791DABF16C00BE015C /* stdafx.cpp in Sources */,
			);
			runOnlyForDeploymentPostprocessing = 0;
		};
/* End PBXSourcesBuildPhase section */

/* Begin XCBuildConfiguration section */
		3BA536711DABE43C00BE015C /* Debug */ = {
			isa = XCBuildConfiguration;
			buildSettings = {
				ALWAYS_SEARCH_USER_PATHS = NO;
				CLANG_ANALYZER_NONNULL = YES;
				CLANG_CXX_LANGUAGE_STANDARD = "gnu++0x";
				CLANG_CXX_LIBRARY = "libc++";
				CLANG_ENABLE_MODULES = YES;
				CLANG_ENABLE_OBJC_ARC = YES;
				CLANG_WARN_BOOL_CONVERSION = YES;
				CLANG_WARN_CONSTANT_CONVERSION = YES;
				CLANG_WARN_DIRECT_OBJC_ISA_USAGE = YES_ERROR;
				CLANG_WARN_DOCUMENTATION_COMMENTS = YES;
				CLANG_WARN_EMPTY_BODY = YES;
				CLANG_WARN_ENUM_CONVERSION = YES;
				CLANG_WARN_INFINITE_RECURSION = YES;
				CLANG_WARN_INT_CONVERSION = YES;
				CLANG_WARN_OBJC_ROOT_CLASS = YES_ERROR;
				CLANG_WARN_SUSPICIOUS_MOVES = YES;
				CLANG_WARN_UNREACHABLE_CODE = YES;
				CLANG_WARN__DUPLICATE_METHOD_MATCH = YES;
				CODE_SIGN_IDENTITY = "-";
				COPY_PHASE_STRIP = NO;
				DEBUG_INFORMATION_FORMAT = dwarf;
				ENABLE_STRICT_OBJC_MSGSEND = YES;
				ENABLE_TESTABILITY = YES;
				GCC_C_LANGUAGE_STANDARD = gnu99;
				GCC_DYNAMIC_NO_PIC = NO;
				GCC_NO_COMMON_BLOCKS = YES;
				GCC_OPTIMIZATION_LEVEL = 0;
				GCC_PREPROCESSOR_DEFINITIONS = (
					"DEBUG=1",
					"$(inherited)",
				);
				GCC_WARN_64_TO_32_BIT_CONVERSION = YES;
				GCC_WARN_ABOUT_RETURN_TYPE = YES_ERROR;
				GCC_WARN_UNDECLARED_SELECTOR = YES;
				GCC_WARN_UNINITIALIZED_AUTOS = YES_AGGRESSIVE;
				GCC_WARN_UNUSED_FUNCTION = YES;
				GCC_WARN_UNUSED_VARIABLE = YES;
				MACOSX_DEPLOYMENT_TARGET = 10.11;
				MTL_ENABLE_DEBUG_INFO = YES;
				ONLY_ACTIVE_ARCH = YES;
				SDKROOT = macosx;
			};
			name = Debug;
		};
		3BA536721DABE43C00BE015C /* Release */ = {
			isa = XCBuildConfiguration;
			buildSettings = {
				ALWAYS_SEARCH_USER_PATHS = NO;
				CLANG_ANALYZER_NONNULL = YES;
				CLANG_CXX_LANGUAGE_STANDARD = "gnu++0x";
				CLANG_CXX_LIBRARY = "libc++";
				CLANG_ENABLE_MODULES = YES;
				CLANG_ENABLE_OBJC_ARC = YES;
				CLANG_WARN_BOOL_CONVERSION = YES;
				CLANG_WARN_CONSTANT_CONVERSION = YES;
				CLANG_WARN_DIRECT_OBJC_ISA_USAGE = YES_ERROR;
				CLANG_WARN_DOCUMENTATION_COMMENTS = YES;
				CLANG_WARN_EMPTY_BODY = YES;
				CLANG_WARN_ENUM_CONVERSION = YES;
				CLANG_WARN_INFINITE_RECURSION = YES;
				CLANG_WARN_INT_CONVERSION = YES;
				CLANG_WARN_OBJC_ROOT_CLASS = YES_ERROR;
				CLANG_WARN_SUSPICIOUS_MOVES = YES;
				CLANG_WARN_UNREACHABLE_CODE = YES;
				CLANG_WARN__DUPLICATE_METHOD_MATCH = YES;
				CODE_SIGN_IDENTITY = "-";
				COPY_PHASE_STRIP = NO;
				DEBUG_INFORMATION_FORMAT = "dwarf-with-dsym";
				ENABLE_NS_ASSERTIONS = NO;
				ENABLE_STRICT_OBJC_MSGSEND = YES;
				GCC_C_LANGUAGE_STANDARD = gnu99;
				GCC_NO_COMMON_BLOCKS = YES;
				GCC_WARN_64_TO_32_BIT_CONVERSION = YES;
				GCC_WARN_ABOUT_RETURN_TYPE = YES_ERROR;
				GCC_WARN_UNDECLARED_SELECTOR = YES;
				GCC_WARN_UNINITIALIZED_AUTOS = YES_AGGRESSIVE;
				GCC_WARN_UNUSED_FUNCTION = YES;
				GCC_WARN_UNUSED_VARIABLE = YES;
				MACOSX_DEPLOYMENT_TARGET = 10.11;
				MTL_ENABLE_DEBUG_INFO = NO;
				SDKROOT = macosx;
			};
			name = Release;
		};
		3BA536741DABE43C00BE015C /* Debug */ = {
			isa = XCBuildConfiguration;
			buildSettings = {
				DEVELOPMENT_TEAM = REX3P85243;
				PRODUCT_NAME = "$(TARGET_NAME)";
			};
			name = Debug;
		};
		3BA536751DABE43C00BE015C /* Release */ = {
			isa = XCBuildConfiguration;
			buildSettings = {
				DEVELOPMENT_TEAM = REX3P85243;
				PRODUCT_NAME = "$(TARGET_NAME)";
			};
			name = Release;
		};
/* End XCBuildConfiguration section */

/* Begin XCConfigurationList section */
		3BA536671DABE43B00BE015C /* Build configuration list for PBXProject "Data_Extraction" */ = {
			isa = XCConfigurationList;
			buildConfigurations = (
				3BA536711DABE43C00BE015C /* Debug */,
				3BA536721DABE43C00BE015C /* Release */,
			);
			defaultConfigurationIsVisible = 0;
			defaultConfigurationName = Release;
		};
		3BA536731DABE43C00BE015C /* Build configuration list for PBXNativeTarget "Data_Extraction" */ = {
			isa = XCConfigurationList;
			buildConfigurations = (
				3BA536741DABE43C00BE015C /* Debug */,
				3BA536751DABE43C00BE015C /* Release */,
			);
			defaultConfigurationIsVisible = 0;
			defaultConfigurationName = Release;
		};
/* End XCConfigurationList section */
	};
	rootObject = 3BA536641DABE43B00BE015C /* Project object */;
}
